
Microsoft Visual Studio Solution File, Format Version 12.00
# Visual Studio Version 16
VisualStudioVersion = 16.0.31129.286
MinimumVisualStudioVersion = 10.0.40219.1
Project("{9A19103F-16F7-4668-BE54-9A1E7A4F7556}") = "billMgr", "billMgr.csproj", "{974C6EB0-8950-4921-B7E8-49649E44CF0C}"
EndProject
Global
	GlobalSection(SolutionConfigurationPlatforms) = preSolution
		Debug|Any CPU = Debug|Any CPU
		Release|Any CPU = Release|Any CPU
	EndGlobalSection
	GlobalSection(ProjectConfigurationPlatforms) = postSolution
		{974C6EB0-8950-4921-B7E8-49649E44CF0C}.Debug|Any CPU.ActiveCfg = Debug|Any CPU
		{974C6EB0-8950-4921-B7E8-49649E44CF0C}.Debug|Any CPU.Build.0 = Debug|Any CPU
		{974C6EB0-8950-4921-B7E8-49649E44CF0C}.Release|Any CPU.ActiveCfg = Release|Any CPU
		{974C6EB0-8950-4921-B7E8-49649E44CF0C}.Release|Any CPU.Build.0 = Release|Any CPU
	EndGlobalSection
	GlobalSection(SolutionProperties) = preSolution
		HideSolutionNode = FALSE
	EndGlobalSection
	GlobalSection(ExtensibilityGlobals) = postSolution
		SolutionGuid = {6D09F784-6DB0-4FDC-9861-E6234128A3D9}
	EndGlobalSection
EndGlobal
